
Microsoft Visual Studio Solution File, Format Version 12.00
# Visual Studio Version 17
VisualStudioVersion = 17.13.35931.197 d17.13
MinimumVisualStudioVersion = 10.0.40219.1
Project("{FAE04EC0-301F-11D3-BF4B-00C04F79EFBC}") = "OOP", "OOP\OOP.csproj", "{F45359D0-39FC-46CC-B85E-F237DBEB30BA}"
EndProject
Project("{FAE04EC0-301F-11D3-BF4B-00C04F79EFBC}") = "ShapeHierarchy", "ShapeHierarchy\ShapeHierarchy.csproj", "{DBA9AF1F-2C82-4183-B949-B4D30A5D0F98}"
EndProject
Project("{FAE04EC0-301F-11D3-BF4B-00C04F79EFBC}") = "EmployeeHierarchy", "EmployeeHierarchy\EmployeeHierarchy.csproj", "{6FE089CE-E74C-4A54-AEF4-F597EDAE2276}"
EndProject
Project("{FAE04EC0-301F-11D3-BF4B-00C04F79EFBC}") = "Banking Management", "Banking Management\Banking Management.csproj", "{32061753-F6AA-492D-ADF4-F4EDDD68CEC4}"
EndProject
Global
	GlobalSection(SolutionConfigurationPlatforms) = preSolution
		Debug|Any CPU = Debug|Any CPU
		Release|Any CPU = Release|Any CPU
	EndGlobalSection
	GlobalSection(ProjectConfigurationPlatforms) = postSolution
		{F45359D0-39FC-46CC-B85E-F237DBEB30BA}.Debug|Any CPU.ActiveCfg = Debug|Any CPU
		{F45359D0-39FC-46CC-B85E-F237DBEB30BA}.Debug|Any CPU.Build.0 = Debug|Any CPU
		{F45359D0-39FC-46CC-B85E-F237DBEB30BA}.Release|Any CPU.ActiveCfg = Release|Any CPU
		{F45359D0-39FC-46CC-B85E-F237DBEB30BA}.Release|Any CPU.Build.0 = Release|Any CPU
		{DBA9AF1F-2C82-4183-B949-B4D30A5D0F98}.Debug|Any CPU.ActiveCfg = Debug|Any CPU
		{DBA9AF1F-2C82-4183-B949-B4D30A5D0F98}.Debug|Any CPU.Build.0 = Debug|Any CPU
		{DBA9AF1F-2C82-4183-B949-B4D30A5D0F98}.Release|Any CPU.ActiveCfg = Release|Any CPU
		{DBA9AF1F-2C82-4183-B949-B4D30A5D0F98}.Release|Any CPU.Build.0 = Release|Any CPU
		{6FE089CE-E74C-4A54-AEF4-F597EDAE2276}.Debug|Any CPU.ActiveCfg = Debug|Any CPU
		{6FE089CE-E74C-4A54-AEF4-F597EDAE2276}.Debug|Any CPU.Build.0 = Debug|Any CPU
		{6FE089CE-E74C-4A54-AEF4-F597EDAE2276}.Release|Any CPU.ActiveCfg = Release|Any CPU
		{6FE089CE-E74C-4A54-AEF4-F597EDAE2276}.Release|Any CPU.Build.0 = Release|Any CPU
		{32061753-F6AA-492D-ADF4-F4EDDD68CEC4}.Debug|Any CPU.ActiveCfg = Debug|Any CPU
		{32061753-F6AA-492D-ADF4-F4EDDD68CEC4}.Debug|Any CPU.Build.0 = Debug|Any CPU
		{32061753-F6AA-492D-ADF4-F4EDDD68CEC4}.Release|Any CPU.ActiveCfg = Release|Any CPU
		{32061753-F6AA-492D-ADF4-F4EDDD68CEC4}.Release|Any CPU.Build.0 = Release|Any CPU
	EndGlobalSection
	GlobalSection(SolutionProperties) = preSolution
		HideSolutionNode = FALSE
	EndGlobalSection
	GlobalSection(ExtensibilityGlobals) = postSolution
		SolutionGuid = {4E723D42-6537-4AFD-A704-881B3D323969}
	EndGlobalSection
EndGlobal
