
Microsoft Visual Studio Solution File, Format Version 12.00
# Visual Studio Version 17
VisualStudioVersion = 17.13.35931.197
MinimumVisualStudioVersion = 10.0.40219.1
Project("{FAE04EC0-301F-11D3-BF4B-00C04F79EFBC}") = "LINQ", "QueryBuilder\LINQ.csproj", "{EE2C6CA3-74F1-41F4-8ECD-D1A63A4EEF8B}"
EndProject
Global
	GlobalSection(SolutionConfigurationPlatforms) = preSolution
		Debug|Any CPU = Debug|Any CPU
		Release|Any CPU = Release|Any CPU
	EndGlobalSection
	GlobalSection(ProjectConfigurationPlatforms) = postSolution
		{EE2C6CA3-74F1-41F4-8ECD-D1A63A4EEF8B}.Debug|Any CPU.ActiveCfg = Debug|Any CPU
		{EE2C6CA3-74F1-41F4-8ECD-D1A63A4EEF8B}.Debug|Any CPU.Build.0 = Debug|Any CPU
		{EE2C6CA3-74F1-41F4-8ECD-D1A63A4EEF8B}.Release|Any CPU.ActiveCfg = Release|Any CPU
		{EE2C6CA3-74F1-41F4-8ECD-D1A63A4EEF8B}.Release|Any CPU.Build.0 = Release|Any CPU
	EndGlobalSection
	GlobalSection(SolutionProperties) = preSolution
		HideSolutionNode = FALSE
	EndGlobalSection
	GlobalSection(ExtensibilityGlobals) = postSolution
		SolutionGuid = {DF3B4283-987B-4FC4-A064-5F1A3A477638}
	EndGlobalSection
EndGlobal
