
Microsoft Visual Studio Solution File, Format Version 12.00
# Visual Studio Version 17
VisualStudioVersion = 17.14.36121.58
MinimumVisualStudioVersion = 10.0.40219.1
Project("{FAE04EC0-301F-11D3-BF4B-00C04F79EFBC}") = "SyncFileDataProcessor", "FileDataProcessor\SyncFileDataProcessor.csproj", "{6E171F35-6D06-4CB2-85EF-6FB8262D0174}"
EndProject
Project("{FAE04EC0-301F-11D3-BF4B-00C04F79EFBC}") = "AsyncFileDataProcessor", "AsyncFileDataProcessor\AsyncFileDataProcessor.csproj", "{71642027-2727-4FDD-98B6-EB324D0F635B}"
EndProject
Global
	GlobalSection(SolutionConfigurationPlatforms) = preSolution
		Debug|Any CPU = Debug|Any CPU
		Release|Any CPU = Release|Any CPU
	EndGlobalSection
	GlobalSection(ProjectConfigurationPlatforms) = postSolution
		{6E171F35-6D06-4CB2-85EF-6FB8262D0174}.Debug|Any CPU.ActiveCfg = Debug|Any CPU
		{6E171F35-6D06-4CB2-85EF-6FB8262D0174}.Debug|Any CPU.Build.0 = Debug|Any CPU
		{6E171F35-6D06-4CB2-85EF-6FB8262D0174}.Release|Any CPU.ActiveCfg = Release|Any CPU
		{6E171F35-6D06-4CB2-85EF-6FB8262D0174}.Release|Any CPU.Build.0 = Release|Any CPU
		{71642027-2727-4FDD-98B6-EB324D0F635B}.Debug|Any CPU.ActiveCfg = Debug|Any CPU
		{71642027-2727-4FDD-98B6-EB324D0F635B}.Debug|Any CPU.Build.0 = Debug|Any CPU
		{71642027-2727-4FDD-98B6-EB324D0F635B}.Release|Any CPU.ActiveCfg = Release|Any CPU
		{71642027-2727-4FDD-98B6-EB324D0F635B}.Release|Any CPU.Build.0 = Release|Any CPU
	EndGlobalSection
	GlobalSection(SolutionProperties) = preSolution
		HideSolutionNode = FALSE
	EndGlobalSection
	GlobalSection(ExtensibilityGlobals) = postSolution
		SolutionGuid = {3BB35241-9E93-421D-A383-561A1ED03C8E}
	EndGlobalSection
EndGlobal
