
Microsoft Visual Studio Solution File, Format Version 12.00
# Visual Studio Version 17
VisualStudioVersion = 17.14.36121.58
MinimumVisualStudioVersion = 10.0.40219.1
Project("{FAE04EC0-301F-11D3-BF4B-00C04F79EFBC}") = "AssemblyForInspection", "AssemblyForInspection\AssemblyForInspection.csproj", "{8BF31CA4-4CF8-4335-A99A-D879464ABB57}"
EndProject
Project("{FAE04EC0-301F-11D3-BF4B-00C04F79EFBC}") = "AssemblyInspector", "AssemblyInspector\AssemblyInspector.csproj", "{5E9B1DDE-3F1D-4621-A7BC-5973143E2E37}"
EndProject
Project("{FAE04EC0-301F-11D3-BF4B-00C04F79EFBC}") = "DynamicObjectInspector", "DynamicObjectInspector\DynamicObjectInspector.csproj", "{8648DCF5-47E4-4A4C-BA2F-81817CE2195E}"
EndProject
Project("{FAE04EC0-301F-11D3-BF4B-00C04F79EFBC}") = "DynamicMethodInvoker", "DynamicMethodInvoker\DynamicMethodInvoker.csproj", "{756841FF-C067-402E-BCC7-2514BF849DEF}"
EndProject
Project("{FAE04EC0-301F-11D3-BF4B-00C04F79EFBC}") = "DynamicTypeBuilder", "DynamicTypeBuilder\DynamicTypeBuilder.csproj", "{8E6F0005-4A2D-4437-91AA-78B1219D0B22}"
EndProject
Global
	GlobalSection(SolutionConfigurationPlatforms) = preSolution
		Debug|Any CPU = Debug|Any CPU
		Release|Any CPU = Release|Any CPU
	EndGlobalSection
	GlobalSection(ProjectConfigurationPlatforms) = postSolution
		{8BF31CA4-4CF8-4335-A99A-D879464ABB57}.Debug|Any CPU.ActiveCfg = Debug|Any CPU
		{8BF31CA4-4CF8-4335-A99A-D879464ABB57}.Debug|Any CPU.Build.0 = Debug|Any CPU
		{8BF31CA4-4CF8-4335-A99A-D879464ABB57}.Release|Any CPU.ActiveCfg = Release|Any CPU
		{8BF31CA4-4CF8-4335-A99A-D879464ABB57}.Release|Any CPU.Build.0 = Release|Any CPU
		{5E9B1DDE-3F1D-4621-A7BC-5973143E2E37}.Debug|Any CPU.ActiveCfg = Debug|Any CPU
		{5E9B1DDE-3F1D-4621-A7BC-5973143E2E37}.Debug|Any CPU.Build.0 = Debug|Any CPU
		{5E9B1DDE-3F1D-4621-A7BC-5973143E2E37}.Release|Any CPU.ActiveCfg = Release|Any CPU
		{5E9B1DDE-3F1D-4621-A7BC-5973143E2E37}.Release|Any CPU.Build.0 = Release|Any CPU
		{8648DCF5-47E4-4A4C-BA2F-81817CE2195E}.Debug|Any CPU.ActiveCfg = Debug|Any CPU
		{8648DCF5-47E4-4A4C-BA2F-81817CE2195E}.Debug|Any CPU.Build.0 = Debug|Any CPU
		{8648DCF5-47E4-4A4C-BA2F-81817CE2195E}.Release|Any CPU.ActiveCfg = Release|Any CPU
		{8648DCF5-47E4-4A4C-BA2F-81817CE2195E}.Release|Any CPU.Build.0 = Release|Any CPU
		{756841FF-C067-402E-BCC7-2514BF849DEF}.Debug|Any CPU.ActiveCfg = Debug|Any CPU
		{756841FF-C067-402E-BCC7-2514BF849DEF}.Debug|Any CPU.Build.0 = Debug|Any CPU
		{756841FF-C067-402E-BCC7-2514BF849DEF}.Release|Any CPU.ActiveCfg = Release|Any CPU
		{756841FF-C067-402E-BCC7-2514BF849DEF}.Release|Any CPU.Build.0 = Release|Any CPU
		{8E6F0005-4A2D-4437-91AA-78B1219D0B22}.Debug|Any CPU.ActiveCfg = Debug|Any CPU
		{8E6F0005-4A2D-4437-91AA-78B1219D0B22}.Debug|Any CPU.Build.0 = Debug|Any CPU
		{8E6F0005-4A2D-4437-91AA-78B1219D0B22}.Release|Any CPU.ActiveCfg = Release|Any CPU
		{8E6F0005-4A2D-4437-91AA-78B1219D0B22}.Release|Any CPU.Build.0 = Release|Any CPU
	EndGlobalSection
	GlobalSection(SolutionProperties) = preSolution
		HideSolutionNode = FALSE
	EndGlobalSection
	GlobalSection(ExtensibilityGlobals) = postSolution
		SolutionGuid = {DDA626E6-2736-4A66-B2AC-9367460873A0}
	EndGlobalSection
EndGlobal
